// !$*UTF8*$!
{
	archiveVersion = 1;
	classes = {
	};
	objectVersion = 46;
	objects = {

/* Begin PBXBuildFile section */
		9E43D3961C61F9AC00A19CE8 /* operators.swift in Sources */ = {isa = PBXBuildFile; fileRef = 9E43D3951C61F9AC00A19CE8 /* operators.swift */; };
		9E488C7B1C60623400A19CE8 /* bigint.swift in Sources */ = {isa = PBXBuildFile; fileRef = 9E488C7A1C60623400A19CE8 /* bigint.swift */; };
		9E488C7F1C60EEA300A19CE8 /* util.swift in Sources */ = {isa = PBXBuildFile; fileRef = 9E488C7E1C60EEA300A19CE8 /* util.swift */; };
		9E488C811C61352600A19CE8 /* biguint.swift in Sources */ = {isa = PBXBuildFile; fileRef = 9E488C801C61352600A19CE8 /* biguint.swift */; };
		9E488C8A1C61460A00A19CE8 /* main.swift in Sources */ = {isa = PBXBuildFile; fileRef = 9E488C881C61460A00A19CE8 /* main.swift */; };
		9E488C8B1C61460A00A19CE8 /* tap.swift in Sources */ = {isa = PBXBuildFile; fileRef = 9E488C891C61460A00A19CE8 /* tap.swift */; };
		9E488C8E1C61F15900A19CE8 /* protocol.swift in Sources */ = {isa = PBXBuildFile; fileRef = 9E488C8D1C61F15900A19CE8 /* protocol.swift */; };
/* End PBXBuildFile section */

/* Begin PBXCopyFilesBuildPhase section */
		9E87CBBA1C604F3900A19CE8 /* CopyFiles */ = {
			isa = PBXCopyFilesBuildPhase;
			buildActionMask = 2147483647;
			dstPath = /usr/share/man/man1/;
			dstSubfolderSpec = 0;
			files = (
			);
			runOnlyForDeploymentPostprocessing = 1;
		};
/* End PBXCopyFilesBuildPhase section */

/* Begin PBXFileReference section */
		9E43D3951C61F9AC00A19CE8 /* operators.swift */ = {isa = PBXFileReference; fileEncoding = 4; lastKnownFileType = sourcecode.swift; path = operators.swift; sourceTree = "<group>"; };
		9E488C7A1C60623400A19CE8 /* bigint.swift */ = {isa = PBXFileReference; fileEncoding = 4; lastKnownFileType = sourcecode.swift; path = bigint.swift; sourceTree = "<group>"; };
		9E488C7E1C60EEA300A19CE8 /* util.swift */ = {isa = PBXFileReference; fileEncoding = 4; lastKnownFileType = sourcecode.swift; path = util.swift; sourceTree = "<group>"; };
		9E488C801C61352600A19CE8 /* biguint.swift */ = {isa = PBXFileReference; fileEncoding = 4; lastKnownFileType = sourcecode.swift; path = biguint.swift; sourceTree = "<group>"; };
		9E488C881C61460A00A19CE8 /* main.swift */ = {isa = PBXFileReference; fileEncoding = 4; lastKnownFileType = sourcecode.swift; name = main.swift; path = test/main.swift; sourceTree = SOURCE_ROOT; };
		9E488C891C61460A00A19CE8 /* tap.swift */ = {isa = PBXFileReference; fileEncoding = 4; lastKnownFileType = sourcecode.swift; name = tap.swift; path = test/tap.swift; sourceTree = SOURCE_ROOT; };
		9E488C8D1C61F15900A19CE8 /* protocol.swift */ = {isa = PBXFileReference; fileEncoding = 4; lastKnownFileType = sourcecode.swift; path = protocol.swift; sourceTree = "<group>"; };
		9E87CBBC1C604F3900A19CE8 /* bignum */ = {isa = PBXFileReference; explicitFileType = "compiled.mach-o.executable"; includeInIndex = 0; path = bignum; sourceTree = BUILT_PRODUCTS_DIR; };
/* End PBXFileReference section */

/* Begin PBXFrameworksBuildPhase section */
		9E87CBB91C604F3900A19CE8 /* Frameworks */ = {
			isa = PBXFrameworksBuildPhase;
			buildActionMask = 2147483647;
			files = (
			);
			runOnlyForDeploymentPostprocessing = 0;
		};
/* End PBXFrameworksBuildPhase section */

/* Begin PBXGroup section */
		9E488C8C1C61461E00A19CE8 /* test */ = {
			isa = PBXGroup;
			children = (
				9E488C881C61460A00A19CE8 /* main.swift */,
				9E488C891C61460A00A19CE8 /* tap.swift */,
			);
			name = test;
			path = bignum;
			sourceTree = "<group>";
		};
		9E87CBB31C604F3900A19CE8 = {
			isa = PBXGroup;
			children = (
				9E87CBBE1C604F3900A19CE8 /* bignum */,
				9E488C8C1C61461E00A19CE8 /* test */,
				9E87CBBD1C604F3900A19CE8 /* Products */,
			);
			sourceTree = "<group>";
		};
		9E87CBBD1C604F3900A19CE8 /* Products */ = {
			isa = PBXGroup;
			children = (
				9E87CBBC1C604F3900A19CE8 /* bignum */,
			);
			name = Products;
			sourceTree = "<group>";
		};
		9E87CBBE1C604F3900A19CE8 /* bignum */ = {
			isa = PBXGroup;
			children = (
				9E488C8D1C61F15900A19CE8 /* protocol.swift */,
				9E488C7A1C60623400A19CE8 /* bigint.swift */,
				9E488C801C61352600A19CE8 /* biguint.swift */,
				9E488C7E1C60EEA300A19CE8 /* util.swift */,
				9E43D3951C61F9AC00A19CE8 /* operators.swift */,
			);
			path = bignum;
			sourceTree = "<group>";
		};
/* End PBXGroup section */

/* Begin PBXNativeTarget section */
		9E87CBBB1C604F3900A19CE8 /* bignum */ = {
			isa = PBXNativeTarget;
			buildConfigurationList = 9E87CBC31C604F3900A19CE8 /* Build configuration list for PBXNativeTarget "bignum" */;
			buildPhases = (
				9E87CBB81C604F3900A19CE8 /* Sources */,
				9E87CBB91C604F3900A19CE8 /* Frameworks */,
				9E87CBBA1C604F3900A19CE8 /* CopyFiles */,
			);
			buildRules = (
			);
			dependencies = (
			);
			name = bignum;
			productName = bignum;
			productReference = 9E87CBBC1C604F3900A19CE8 /* bignum */;
			productType = "com.apple.product-type.tool";
		};
/* End PBXNativeTarget section */

/* Begin PBXProject section */
		9E87CBB41C604F3900A19CE8 /* Project object */ = {
			isa = PBXProject;
			attributes = {
				LastSwiftUpdateCheck = 0720;
				LastUpgradeCheck = 0720;
				ORGANIZATIONNAME = "Dan Kogai";
				TargetAttributes = {
					9E87CBBB1C604F3900A19CE8 = {
						CreatedOnToolsVersion = 7.2;
					};
				};
			};
			buildConfigurationList = 9E87CBB71C604F3900A19CE8 /* Build configuration list for PBXProject "bignum" */;
			compatibilityVersion = "Xcode 3.2";
			developmentRegion = English;
			hasScannedForEncodings = 0;
			knownRegions = (
				en,
			);
			mainGroup = 9E87CBB31C604F3900A19CE8;
			productRefGroup = 9E87CBBD1C604F3900A19CE8 /* Products */;
			projectDirPath = "";
			projectRoot = "";
			targets = (
				9E87CBBB1C604F3900A19CE8 /* bignum */,
			);
		};
/* End PBXProject section */

/* Begin PBXSourcesBuildPhase section */
		9E87CBB81C604F3900A19CE8 /* Sources */ = {
			isa = PBXSourcesBuildPhase;
			buildActionMask = 2147483647;
			files = (
				9E488C8B1C61460A00A19CE8 /* tap.swift in Sources */,
				9E43D3961C61F9AC00A19CE8 /* operators.swift in Sources */,
				9E488C811C61352600A19CE8 /* biguint.swift in Sources */,
				9E488C7B1C60623400A19CE8 /* bigint.swift in Sources */,
				9E488C8A1C61460A00A19CE8 /* main.swift in Sources */,
				9E488C7F1C60EEA300A19CE8 /* util.swift in Sources */,
				9E488C8E1C61F15900A19CE8 /* protocol.swift in Sources */,
			);
			runOnlyForDeploymentPostprocessing = 0;
		};
/* End PBXSourcesBuildPhase section */

/* Begin XCBuildConfiguration section */
		9E87CBC11C604F3900A19CE8 /* Debug */ = {
			isa = XCBuildConfiguration;
			buildSettings = {
				ALWAYS_SEARCH_USER_PATHS = NO;
				CLANG_CXX_LANGUAGE_STANDARD = "gnu++0x";
				CLANG_CXX_LIBRARY = "libc++";
				CLANG_ENABLE_MODULES = YES;
				CLANG_ENABLE_OBJC_ARC = YES;
				CLANG_WARN_BOOL_CONVERSION = YES;
				CLANG_WARN_CONSTANT_CONVERSION = YES;
				CLANG_WARN_DIRECT_OBJC_ISA_USAGE = YES_ERROR;
				CLANG_WARN_EMPTY_BODY = YES;
				CLANG_WARN_ENUM_CONVERSION = YES;
				CLANG_WARN_INT_CONVERSION = YES;
				CLANG_WARN_OBJC_ROOT_CLASS = YES_ERROR;
				CLANG_WARN_UNREACHABLE_CODE = YES;
				CLANG_WARN__DUPLICATE_METHOD_MATCH = YES;
				CODE_SIGN_IDENTITY = "-";
				COPY_PHASE_STRIP = NO;
				DEBUG_INFORMATION_FORMAT = dwarf;
				ENABLE_STRICT_OBJC_MSGSEND = YES;
				ENABLE_TESTABILITY = YES;
				GCC_C_LANGUAGE_STANDARD = gnu99;
				GCC_DYNAMIC_NO_PIC = NO;
				GCC_NO_COMMON_BLOCKS = YES;
				GCC_OPTIMIZATION_LEVEL = 0;
				GCC_PREPROCESSOR_DEFINITIONS = (
					"DEBUG=1",
					"$(inherited)",
				);
				GCC_WARN_64_TO_32_BIT_CONVERSION = YES;
				GCC_WARN_ABOUT_RETURN_TYPE = YES_ERROR;
				GCC_WARN_UNDECLARED_SELECTOR = YES;
				GCC_WARN_UNINITIALIZED_AUTOS = YES_AGGRESSIVE;
				GCC_WARN_UNUSED_FUNCTION = YES;
				GCC_WARN_UNUSED_VARIABLE = YES;
				MACOSX_DEPLOYMENT_TARGET = 10.11;
				MTL_ENABLE_DEBUG_INFO = YES;
				ONLY_ACTIVE_ARCH = YES;
				SDKROOT = macosx;
				SWIFT_OPTIMIZATION_LEVEL = "-Onone";
			};
			name = Debug;
		};
		9E87CBC21C604F3900A19CE8 /* Release */ = {
			isa = XCBuildConfiguration;
			buildSettings = {
				ALWAYS_SEARCH_USER_PATHS = NO;
				CLANG_CXX_LANGUAGE_STANDARD = "gnu++0x";
				CLANG_CXX_LIBRARY = "libc++";
				CLANG_ENABLE_MODULES = YES;
				CLANG_ENABLE_OBJC_ARC = YES;
				CLANG_WARN_BOOL_CONVERSION = YES;
				CLANG_WARN_CONSTANT_CONVERSION = YES;
				CLANG_WARN_DIRECT_OBJC_ISA_USAGE = YES_ERROR;
				CLANG_WARN_EMPTY_BODY = YES;
				CLANG_WARN_ENUM_CONVERSION = YES;
				CLANG_WARN_INT_CONVERSION = YES;
				CLANG_WARN_OBJC_ROOT_CLASS = YES_ERROR;
				CLANG_WARN_UNREACHABLE_CODE = YES;
				CLANG_WARN__DUPLICATE_METHOD_MATCH = YES;
				CODE_SIGN_IDENTITY = "-";
				COPY_PHASE_STRIP = NO;
				DEBUG_INFORMATION_FORMAT = "dwarf-with-dsym";
				ENABLE_NS_ASSERTIONS = NO;
				ENABLE_STRICT_OBJC_MSGSEND = YES;
				GCC_C_LANGUAGE_STANDARD = gnu99;
				GCC_NO_COMMON_BLOCKS = YES;
				GCC_WARN_64_TO_32_BIT_CONVERSION = YES;
				GCC_WARN_ABOUT_RETURN_TYPE = YES_ERROR;
				GCC_WARN_UNDECLARED_SELECTOR = YES;
				GCC_WARN_UNINITIALIZED_AUTOS = YES_AGGRESSIVE;
				GCC_WARN_UNUSED_FUNCTION = YES;
				GCC_WARN_UNUSED_VARIABLE = YES;
				MACOSX_DEPLOYMENT_TARGET = 10.11;
				MTL_ENABLE_DEBUG_INFO = NO;
				SDKROOT = macosx;
			};
			name = Release;
		};
		9E87CBC41C604F3900A19CE8 /* Debug */ = {
			isa = XCBuildConfiguration;
			buildSettings = {
				PRODUCT_NAME = "$(TARGET_NAME)";
			};
			name = Debug;
		};
		9E87CBC51C604F3900A19CE8 /* Release */ = {
			isa = XCBuildConfiguration;
			buildSettings = {
				PRODUCT_NAME = "$(TARGET_NAME)";
			};
			name = Release;
		};
/* End XCBuildConfiguration section */

/* Begin XCConfigurationList section */
		9E87CBB71C604F3900A19CE8 /* Build configuration list for PBXProject "bignum" */ = {
			isa = XCConfigurationList;
			buildConfigurations = (
				9E87CBC11C604F3900A19CE8 /* Debug */,
				9E87CBC21C604F3900A19CE8 /* Release */,
			);
			defaultConfigurationIsVisible = 0;
			defaultConfigurationName = Release;
		};
		9E87CBC31C604F3900A19CE8 /* Build configuration list for PBXNativeTarget "bignum" */ = {
			isa = XCConfigurationList;
			buildConfigurations = (
				9E87CBC41C604F3900A19CE8 /* Debug */,
				9E87CBC51C604F3900A19CE8 /* Release */,
			);
			defaultConfigurationIsVisible = 0;
			defaultConfigurationName = Release;
		};
/* End XCConfigurationList section */
	};
	rootObject = 9E87CBB41C604F3900A19CE8 /* Project object */;
}
